
Microsoft Visual Studio Solution File, Format Version 12.00
# Visual Studio Version 17
VisualStudioVersion = 17.9.34607.119
MinimumVisualStudioVersion = 10.0.40219.1
Project("{FAE04EC0-301F-11D3-BF4B-00C04F79EFBC}") = "DynamicWin", "DynamicWin\DynamicWin.csproj", "{A65D4F15-99DA-4085-8099-06078E67F4EB}"
EndProject
Global
	GlobalSection(SolutionConfigurationPlatforms) = preSolution
		Debug|Any CPU = Debug|Any CPU
		Release|Any CPU = Release|Any CPU
	EndGlobalSection
	GlobalSection(ProjectConfigurationPlatforms) = postSolution
		{A65D4F15-99DA-4085-8099-06078E67F4EB}.Debug|Any CPU.ActiveCfg = Debug|Any CPU
		{A65D4F15-99DA-4085-8099-06078E67F4EB}.Debug|Any CPU.Build.0 = Debug|Any CPU
		{A65D4F15-99DA-4085-8099-06078E67F4EB}.Release|Any CPU.ActiveCfg = Release|Any CPU
		{A65D4F15-99DA-4085-8099-06078E67F4EB}.Release|Any CPU.Build.0 = Release|Any CPU
	EndGlobalSection
	GlobalSection(SolutionProperties) = preSolution
		HideSolutionNode = FALSE
	EndGlobalSection
	GlobalSection(ExtensibilityGlobals) = postSolution
		SolutionGuid = {C1E649C5-30AC-4201-8D60-A7ABBD3AB461}
	EndGlobalSection
EndGlobal
